
Microsoft Visual Studio Solution File, Format Version 12.00
# Visual Studio 2010
Project("{FAE04EC0-301F-11D3-BF4B-00C04F79EFBC}") = "MangaEpsilon", "src\MangaEpsilon\MangaEpsilon.csproj", "{71E73763-BA66-4E69-9699-850D35384442}"
	ProjectSection(ProjectDependencies) = postProject
		{7CE8E38A-AF58-41C9-BF79-DC50FEFEF673} = {7CE8E38A-AF58-41C9-BF79-DC50FEFEF673}
	EndProjectSection
EndProject
Project("{2150E333-8FDC-42A3-9474-1A3956D46DE8}") = "Dependencies", "Dependencies", "{7E566E2A-89D9-40B7-ACC2-E2236B080A25}"
EndProject
Project("{FAE04EC0-301F-11D3-BF4B-00C04F79EFBC}") = "Crystal", "..\..\..\Visual Studio 2010\Projects\Crystal\src\Crystal\Crystal.csproj", "{8C5A2D35-824E-4F52-9B18-B1AA19C42BDA}"
EndProject
Project("{FAE04EC0-301F-11D3-BF4B-00C04F79EFBC}") = "MahApps.Metro.NET45", "..\MahApps.Metro\MahApps.Metro\MahApps.Metro.NET45.csproj", "{942D11C4-29F5-46C4-8C14-4B976D56C637}"
EndProject
Project("{FAE04EC0-301F-11D3-BF4B-00C04F79EFBC}") = "Yukihyo.MAL", "..\..\..\Visual Studio 2010\Projects\Yukihyo\src\Yukihyo.MAL\Yukihyo.MAL.csproj", "{7CE8E38A-AF58-41C9-BF79-DC50FEFEF673}"
EndProject
Project("{2150E333-8FDC-42A3-9474-1A3956D46DE8}") = "SourceTests", "SourceTests", "{007584BE-2283-49CC-AEE3-DC34347B6398}"
EndProject
Project("{FAE04EC0-301F-11D3-BF4B-00C04F79EFBC}") = "MangaFoxSourceTest", "src\SourceTest\MangaFoxSourceTest\MangaFoxSourceTest.csproj", "{91DC14EB-F59F-4604-9395-130E34D98C7F}"
EndProject
Project("{FAE04EC0-301F-11D3-BF4B-00C04F79EFBC}") = "MangaEpsilonWP", "src\MangaEpsilonWP\MangaEpsilonWP.csproj", "{FDFE3C17-B8C5-4A62-9213-EB99248C137E}"
EndProject
Project("{FAE04EC0-301F-11D3-BF4B-00C04F79EFBC}") = "Crystal.WP", "..\..\..\Visual Studio 2010\Projects\Crystal\src\Crystal.WP\Crystal.WP.csproj", "{40C79ED1-ED96-4DDB-A8DA-6BB2CC2308D6}"
EndProject
Global
	GlobalSection(SolutionConfigurationPlatforms) = preSolution
		Debug_.NET 4.5|Any CPU = Debug_.NET 4.5|Any CPU
		Debug|Any CPU = Debug|Any CPU
		Release|Any CPU = Release|Any CPU
	EndGlobalSection
	GlobalSection(ProjectConfigurationPlatforms) = postSolution
		{71E73763-BA66-4E69-9699-850D35384442}.Debug_.NET 4.5|Any CPU.ActiveCfg = Debug|Any CPU
		{71E73763-BA66-4E69-9699-850D35384442}.Debug_.NET 4.5|Any CPU.Build.0 = Debug|Any CPU
		{71E73763-BA66-4E69-9699-850D35384442}.Debug|Any CPU.ActiveCfg = Debug|Any CPU
		{71E73763-BA66-4E69-9699-850D35384442}.Debug|Any CPU.Build.0 = Debug|Any CPU
		{71E73763-BA66-4E69-9699-850D35384442}.Release|Any CPU.ActiveCfg = Release|Any CPU
		{71E73763-BA66-4E69-9699-850D35384442}.Release|Any CPU.Build.0 = Release|Any CPU
		{8C5A2D35-824E-4F52-9B18-B1AA19C42BDA}.Debug_.NET 4.5|Any CPU.ActiveCfg = Debug_.NET 4.5|Any CPU
		{8C5A2D35-824E-4F52-9B18-B1AA19C42BDA}.Debug_.NET 4.5|Any CPU.Build.0 = Debug_.NET 4.5|Any CPU
		{8C5A2D35-824E-4F52-9B18-B1AA19C42BDA}.Debug|Any CPU.ActiveCfg = Debug|Any CPU
		{8C5A2D35-824E-4F52-9B18-B1AA19C42BDA}.Debug|Any CPU.Build.0 = Debug|Any CPU
		{8C5A2D35-824E-4F52-9B18-B1AA19C42BDA}.Release|Any CPU.ActiveCfg = Release|Any CPU
		{8C5A2D35-824E-4F52-9B18-B1AA19C42BDA}.Release|Any CPU.Build.0 = Release|Any CPU
		{942D11C4-29F5-46C4-8C14-4B976D56C637}.Debug_.NET 4.5|Any CPU.ActiveCfg = Debug|Any CPU
		{942D11C4-29F5-46C4-8C14-4B976D56C637}.Debug_.NET 4.5|Any CPU.Build.0 = Debug|Any CPU
		{942D11C4-29F5-46C4-8C14-4B976D56C637}.Debug|Any CPU.ActiveCfg = Debug|Any CPU
		{942D11C4-29F5-46C4-8C14-4B976D56C637}.Debug|Any CPU.Build.0 = Debug|Any CPU
		{942D11C4-29F5-46C4-8C14-4B976D56C637}.Release|Any CPU.ActiveCfg = Release|Any CPU
		{942D11C4-29F5-46C4-8C14-4B976D56C637}.Release|Any CPU.Build.0 = Release|Any CPU
		{7CE8E38A-AF58-41C9-BF79-DC50FEFEF673}.Debug_.NET 4.5|Any CPU.ActiveCfg = Debug|Any CPU
		{7CE8E38A-AF58-41C9-BF79-DC50FEFEF673}.Debug_.NET 4.5|Any CPU.Build.0 = Debug|Any CPU
		{7CE8E38A-AF58-41C9-BF79-DC50FEFEF673}.Debug|Any CPU.ActiveCfg = Debug|Any CPU
		{7CE8E38A-AF58-41C9-BF79-DC50FEFEF673}.Debug|Any CPU.Build.0 = Debug|Any CPU
		{7CE8E38A-AF58-41C9-BF79-DC50FEFEF673}.Release|Any CPU.ActiveCfg = Release|Any CPU
		{7CE8E38A-AF58-41C9-BF79-DC50FEFEF673}.Release|Any CPU.Build.0 = Release|Any CPU
		{91DC14EB-F59F-4604-9395-130E34D98C7F}.Debug_.NET 4.5|Any CPU.ActiveCfg = Debug|Any CPU
		{91DC14EB-F59F-4604-9395-130E34D98C7F}.Debug_.NET 4.5|Any CPU.Build.0 = Debug|Any CPU
		{91DC14EB-F59F-4604-9395-130E34D98C7F}.Debug|Any CPU.ActiveCfg = Debug|Any CPU
		{91DC14EB-F59F-4604-9395-130E34D98C7F}.Debug|Any CPU.Build.0 = Debug|Any CPU
		{91DC14EB-F59F-4604-9395-130E34D98C7F}.Release|Any CPU.ActiveCfg = Release|Any CPU
		{91DC14EB-F59F-4604-9395-130E34D98C7F}.Release|Any CPU.Build.0 = Release|Any CPU
		{FDFE3C17-B8C5-4A62-9213-EB99248C137E}.Debug_.NET 4.5|Any CPU.ActiveCfg = Debug|Any CPU
		{FDFE3C17-B8C5-4A62-9213-EB99248C137E}.Debug_.NET 4.5|Any CPU.Build.0 = Debug|Any CPU
		{FDFE3C17-B8C5-4A62-9213-EB99248C137E}.Debug_.NET 4.5|Any CPU.Deploy.0 = Debug|Any CPU
		{FDFE3C17-B8C5-4A62-9213-EB99248C137E}.Debug|Any CPU.ActiveCfg = Debug|Any CPU
		{FDFE3C17-B8C5-4A62-9213-EB99248C137E}.Debug|Any CPU.Build.0 = Debug|Any CPU
		{FDFE3C17-B8C5-4A62-9213-EB99248C137E}.Debug|Any CPU.Deploy.0 = Debug|Any CPU
		{FDFE3C17-B8C5-4A62-9213-EB99248C137E}.Release|Any CPU.ActiveCfg = Release|Any CPU
		{FDFE3C17-B8C5-4A62-9213-EB99248C137E}.Release|Any CPU.Build.0 = Release|Any CPU
		{FDFE3C17-B8C5-4A62-9213-EB99248C137E}.Release|Any CPU.Deploy.0 = Release|Any CPU
		{40C79ED1-ED96-4DDB-A8DA-6BB2CC2308D6}.Debug_.NET 4.5|Any CPU.ActiveCfg = Debug|Any CPU
		{40C79ED1-ED96-4DDB-A8DA-6BB2CC2308D6}.Debug_.NET 4.5|Any CPU.Build.0 = Debug|Any CPU
		{40C79ED1-ED96-4DDB-A8DA-6BB2CC2308D6}.Debug|Any CPU.ActiveCfg = Debug|Any CPU
		{40C79ED1-ED96-4DDB-A8DA-6BB2CC2308D6}.Debug|Any CPU.Build.0 = Debug|Any CPU
		{40C79ED1-ED96-4DDB-A8DA-6BB2CC2308D6}.Release|Any CPU.ActiveCfg = Release|Any CPU
		{40C79ED1-ED96-4DDB-A8DA-6BB2CC2308D6}.Release|Any CPU.Build.0 = Release|Any CPU
	EndGlobalSection
	GlobalSection(SolutionProperties) = preSolution
		HideSolutionNode = FALSE
	EndGlobalSection
	GlobalSection(NestedProjects) = preSolution
		{8C5A2D35-824E-4F52-9B18-B1AA19C42BDA} = {7E566E2A-89D9-40B7-ACC2-E2236B080A25}
		{942D11C4-29F5-46C4-8C14-4B976D56C637} = {7E566E2A-89D9-40B7-ACC2-E2236B080A25}
		{7CE8E38A-AF58-41C9-BF79-DC50FEFEF673} = {7E566E2A-89D9-40B7-ACC2-E2236B080A25}
		{40C79ED1-ED96-4DDB-A8DA-6BB2CC2308D6} = {7E566E2A-89D9-40B7-ACC2-E2236B080A25}
		{91DC14EB-F59F-4604-9395-130E34D98C7F} = {007584BE-2283-49CC-AEE3-DC34347B6398}
	EndGlobalSection
EndGlobal
